Microsoft Visual Studio Solution File, Format Version 12.00
# Visual Studio Version 17
VisualStudioVersion = 17.5.2.0
MinimumVisualStudioVersion = 10.0.40219.1
Project("{FAE04EC0-301F-11D3-BF4B-00C04F79EFBC}") = "Win32Image", "Win32Image.csproj", "{C534D3C1-5B6A-75C2-19FF-FDE65EC45B8A}"
EndProject
Global
	GlobalSection(SolutionConfigurationPlatforms) = preSolution
		Debug|Any CPU = Debug|Any CPU
		Release|Any CPU = Release|Any CPU
	EndGlobalSection
	GlobalSection(ProjectConfigurationPlatforms) = postSolution
		{C534D3C1-5B6A-75C2-19FF-FDE65EC45B8A}.Debug|Any CPU.ActiveCfg = Debug|Any CPU
		{C534D3C1-5B6A-75C2-19FF-FDE65EC45B8A}.Debug|Any CPU.Build.0 = Debug|Any CPU
		{C534D3C1-5B6A-75C2-19FF-FDE65EC45B8A}.Release|Any CPU.ActiveCfg = Release|Any CPU
		{C534D3C1-5B6A-75C2-19FF-FDE65EC45B8A}.Release|Any CPU.Build.0 = Release|Any CPU
	EndGlobalSection
	GlobalSection(SolutionProperties) = preSolution
		HideSolutionNode = FALSE
	EndGlobalSection
	GlobalSection(ExtensibilityGlobals) = postSolution
		SolutionGuid = {34FD1E3B-DCEF-40E7-910C-9593FC9A3299}
	EndGlobalSection
EndGlobal
